// !$*UTF8*$!
{
	archiveVersion = 1;
	classes = {
	};
	objectVersion = 56;
	objects = {

/* Begin PBXBuildFile section */
		FF3BCD6E2BF51FD5005AE399 /* FlowExecutor.swift in Sources */ = {isa = PBXBuildFile; fileRef = FF3BCD6D2BF51FD5005AE399 /* FlowExecutor.swift */; };
		FF3BCD702BF52004005AE399 /* Flow.swift in Sources */ = {isa = PBXBuildFile; fileRef = FF3BCD6F2BF52004005AE399 /* Flow.swift */; };
		FF3BCD722BF52131005AE399 /* FlowFactory.swift in Sources */ = {isa = PBXBuildFile; fileRef = FF3BCD712BF52131005AE399 /* FlowFactory.swift */; };
		FFDF33C62BF3A5FB0070688B /* AppDelegate.swift in Sources */ = {isa = PBXBuildFile; fileRef = FFDF33C52BF3A5FB0070688B /* AppDelegate.swift */; };
		FFDF33C82BF3A5FB0070688B /* SceneDelegate.swift in Sources */ = {isa = PBXBuildFile; fileRef = FFDF33C72BF3A5FB0070688B /* SceneDelegate.swift */; };
		FFDF33CF2BF3A5FD0070688B /* Assets.xcassets in Resources */ = {isa = PBXBuildFile; fileRef = FFDF33CE2BF3A5FD0070688B /* Assets.xcassets */; };
		FFDF33D22BF3A5FD0070688B /* Base in Resources */ = {isa = PBXBuildFile; fileRef = FFDF33D12BF3A5FD0070688B /* Base */; };
/* End PBXBuildFile section */

/* Begin PBXFileReference section */
		FF3BCD6D2BF51FD5005AE399 /* FlowExecutor.swift */ = {isa = PBXFileReference; lastKnownFileType = sourcecode.swift; path = FlowExecutor.swift; sourceTree = "<group>"; };
		FF3BCD6F2BF52004005AE399 /* Flow.swift */ = {isa = PBXFileReference; lastKnownFileType = sourcecode.swift; path = Flow.swift; sourceTree = "<group>"; };
		FF3BCD712BF52131005AE399 /* FlowFactory.swift */ = {isa = PBXFileReference; lastKnownFileType = sourcecode.swift; path = FlowFactory.swift; sourceTree = "<group>"; };
		FFDF33C22BF3A5FB0070688B /* LockApp.app */ = {isa = PBXFileReference; explicitFileType = wrapper.application; includeInIndex = 0; path = LockApp.app; sourceTree = BUILT_PRODUCTS_DIR; };
		FFDF33C52BF3A5FB0070688B /* AppDelegate.swift */ = {isa = PBXFileReference; lastKnownFileType = sourcecode.swift; path = AppDelegate.swift; sourceTree = "<group>"; };
		FFDF33C72BF3A5FB0070688B /* SceneDelegate.swift */ = {isa = PBXFileReference; lastKnownFileType = sourcecode.swift; path = SceneDelegate.swift; sourceTree = "<group>"; };
		FFDF33CE2BF3A5FD0070688B /* Assets.xcassets */ = {isa = PBXFileReference; lastKnownFileType = folder.assetcatalog; path = Assets.xcassets; sourceTree = "<group>"; };
		FFDF33D12BF3A5FD0070688B /* Base */ = {isa = PBXFileReference; lastKnownFileType = file.storyboard; name = Base; path = Base.lproj/LaunchScreen.storyboard; sourceTree = "<group>"; };
		FFDF33D32BF3A5FD0070688B /* Info.plist */ = {isa = PBXFileReference; lastKnownFileType = text.plist.xml; path = Info.plist; sourceTree = "<group>"; };
/* End PBXFileReference section */

/* Begin PBXFrameworksBuildPhase section */
		FFDF33BF2BF3A5FB0070688B /* Frameworks */ = {
			isa = PBXFrameworksBuildPhase;
			buildActionMask = 2147483647;
			files = (
			);
			runOnlyForDeploymentPostprocessing = 0;
		};
/* End PBXFrameworksBuildPhase section */

/* Begin PBXGroup section */
		FF3BCD642BF51EB1005AE399 /* App */ = {
			isa = PBXGroup;
			children = (
				FFDF33D32BF3A5FD0070688B /* Info.plist */,
				FFDF33D02BF3A5FD0070688B /* LaunchScreen.storyboard */,
				FFDF33C72BF3A5FB0070688B /* SceneDelegate.swift */,
				FFDF33C52BF3A5FB0070688B /* AppDelegate.swift */,
			);
			path = App;
			sourceTree = "<group>";
		};
		FF3BCD652BF51ECB005AE399 /* Resources */ = {
			isa = PBXGroup;
			children = (
				FFDF33CE2BF3A5FD0070688B /* Assets.xcassets */,
			);
			path = Resources;
			sourceTree = "<group>";
		};
		FF3BCD662BF51F1C005AE399 /* View */ = {
			isa = PBXGroup;
			children = (
			);
			path = View;
			sourceTree = "<group>";
		};
		FF3BCD672BF51F22005AE399 /* Model */ = {
			isa = PBXGroup;
			children = (
			);
			path = Model;
			sourceTree = "<group>";
		};
		FF3BCD682BF51F28005AE399 /* Flow */ = {
			isa = PBXGroup;
			children = (
				FF3BCD6C2BF51FB4005AE399 /* Flow */,
				FF3BCD6B2BF51F7C005AE399 /* Factory */,
				FF3BCD6A2BF51F6C005AE399 /* Controllers */,
			);
			path = Flow;
			sourceTree = "<group>";
		};
		FF3BCD692BF51F37005AE399 /* Managers */ = {
			isa = PBXGroup;
			children = (
			);
			path = Managers;
			sourceTree = "<group>";
		};
		FF3BCD6A2BF51F6C005AE399 /* Controllers */ = {
			isa = PBXGroup;
			children = (
			);
			path = Controllers;
			sourceTree = "<group>";
		};
		FF3BCD6B2BF51F7C005AE399 /* Factory */ = {
			isa = PBXGroup;
			children = (
				FF3BCD712BF52131005AE399 /* FlowFactory.swift */,
			);
			path = Factory;
			sourceTree = "<group>";
		};
		FF3BCD6C2BF51FB4005AE399 /* Flow */ = {
			isa = PBXGroup;
			children = (
				FF3BCD6D2BF51FD5005AE399 /* FlowExecutor.swift */,
				FF3BCD6F2BF52004005AE399 /* Flow.swift */,
			);
			path = Flow;
			sourceTree = "<group>";
		};
		FFDF33B92BF3A5FB0070688B = {
			isa = PBXGroup;
			children = (
				FFDF33C42BF3A5FB0070688B /* LockApp */,
				FFDF33C32BF3A5FB0070688B /* Products */,
			);
			sourceTree = "<group>";
		};
		FFDF33C32BF3A5FB0070688B /* Products */ = {
			isa = PBXGroup;
			children = (
				FFDF33C22BF3A5FB0070688B /* LockApp.app */,
			);
			name = Products;
			sourceTree = "<group>";
		};
		FFDF33C42BF3A5FB0070688B /* LockApp */ = {
			isa = PBXGroup;
			children = (
				FF3BCD692BF51F37005AE399 /* Managers */,
				FF3BCD682BF51F28005AE399 /* Flow */,
				FF3BCD672BF51F22005AE399 /* Model */,
				FF3BCD662BF51F1C005AE399 /* View */,
				FF3BCD652BF51ECB005AE399 /* Resources */,
				FF3BCD642BF51EB1005AE399 /* App */,
			);
			path = LockApp;
			sourceTree = "<group>";
		};
/* End PBXGroup section */

/* Begin PBXNativeTarget section */
		FFDF33C12BF3A5FB0070688B /* LockApp */ = {
			isa = PBXNativeTarget;
			buildConfigurationList = FFDF33D62BF3A5FD0070688B /* Build configuration list for PBXNativeTarget "LockApp" */;
			buildPhases = (
				FFDF33BE2BF3A5FB0070688B /* Sources */,
				FFDF33BF2BF3A5FB0070688B /* Frameworks */,
				FFDF33C02BF3A5FB0070688B /* Resources */,
			);
			buildRules = (
			);
			dependencies = (
			);
			name = LockApp;
			productName = LockApp;
			productReference = FFDF33C22BF3A5FB0070688B /* LockApp.app */;
			productType = "com.apple.product-type.application";
		};
/* End PBXNativeTarget section */

/* Begin PBXProject section */
		FFDF33BA2BF3A5FB0070688B /* Project object */ = {
			isa = PBXProject;
			attributes = {
				BuildIndependentTargetsInParallel = 1;
				LastSwiftUpdateCheck = 1530;
				LastUpgradeCheck = 1530;
				TargetAttributes = {
					FFDF33C12BF3A5FB0070688B = {
						CreatedOnToolsVersion = 15.3;
					};
				};
			};
			buildConfigurationList = FFDF33BD2BF3A5FB0070688B /* Build configuration list for PBXProject "LockApp" */;
			compatibilityVersion = "Xcode 14.0";
			developmentRegion = en;
			hasScannedForEncodings = 0;
			knownRegions = (
				en,
				Base,
			);
			mainGroup = FFDF33B92BF3A5FB0070688B;
			productRefGroup = FFDF33C32BF3A5FB0070688B /* Products */;
			projectDirPath = "";
			projectRoot = "";
			targets = (
				FFDF33C12BF3A5FB0070688B /* LockApp */,
			);
		};
/* End PBXProject section */

/* Begin PBXResourcesBuildPhase section */
		FFDF33C02BF3A5FB0070688B /* Resources */ = {
			isa = PBXResourcesBuildPhase;
			buildActionMask = 2147483647;
			files = (
				FFDF33CF2BF3A5FD0070688B /* Assets.xcassets in Resources */,
				FFDF33D22BF3A5FD0070688B /* Base in Resources */,
			);
			runOnlyForDeploymentPostprocessing = 0;
		};
/* End PBXResourcesBuildPhase section */

/* Begin PBXSourcesBuildPhase section */
		FFDF33BE2BF3A5FB0070688B /* Sources */ = {
			isa = PBXSourcesBuildPhase;
			buildActionMask = 2147483647;
			files = (
				FF3BCD722BF52131005AE399 /* FlowFactory.swift in Sources */,
				FFDF33C62BF3A5FB0070688B /* AppDelegate.swift in Sources */,
				FF3BCD702BF52004005AE399 /* Flow.swift in Sources */,
				FF3BCD6E2BF51FD5005AE399 /* FlowExecutor.swift in Sources */,
				FFDF33C82BF3A5FB0070688B /* SceneDelegate.swift in Sources */,
			);
			runOnlyForDeploymentPostprocessing = 0;
		};
/* End PBXSourcesBuildPhase section */

/* Begin PBXVariantGroup section */
		FFDF33D02BF3A5FD0070688B /* LaunchScreen.storyboard */ = {
			isa = PBXVariantGroup;
			children = (
				FFDF33D12BF3A5FD0070688B /* Base */,
			);
			name = LaunchScreen.storyboard;
			sourceTree = "<group>";
		};
/* End PBXVariantGroup section */

/* Begin XCBuildConfiguration section */
		FFDF33D42BF3A5FD0070688B /* Debug */ = {
			isa = XCBuildConfiguration;
			buildSettings = {
				ALWAYS_SEARCH_USER_PATHS = NO;
				ASSETCATALOG_COMPILER_GENERATE_SWIFT_ASSET_SYMBOL_EXTENSIONS = YES;
				CLANG_ANALYZER_NONNULL = YES;
				CLANG_ANALYZER_NUMBER_OBJECT_CONVERSION = YES_AGGRESSIVE;
				CLANG_CXX_LANGUAGE_STANDARD = "gnu++20";
				CLANG_ENABLE_MODULES = YES;
				CLANG_ENABLE_OBJC_ARC = YES;
				CLANG_ENABLE_OBJC_WEAK = YES;
				CLANG_WARN_BLOCK_CAPTURE_AUTORELEASING = YES;
				CLANG_WARN_BOOL_CONVERSION = YES;
				CLANG_WARN_COMMA = YES;
				CLANG_WARN_CONSTANT_CONVERSION = YES;
				CLANG_WARN_DEPRECATED_OBJC_IMPLEMENTATIONS = YES;
				CLANG_WARN_DIRECT_OBJC_ISA_USAGE = YES_ERROR;
				CLANG_WARN_DOCUMENTATION_COMMENTS = YES;
				CLANG_WARN_EMPTY_BODY = YES;
				CLANG_WARN_ENUM_CONVERSION = YES;
				CLANG_WARN_INFINITE_RECURSION = YES;
				CLANG_WARN_INT_CONVERSION = YES;
				CLANG_WARN_NON_LITERAL_NULL_CONVERSION = YES;
				CLANG_WARN_OBJC_IMPLICIT_RETAIN_SELF = YES;
				CLANG_WARN_OBJC_LITERAL_CONVERSION = YES;
				CLANG_WARN_OBJC_ROOT_CLASS = YES_ERROR;
				CLANG_WARN_QUOTED_INCLUDE_IN_FRAMEWORK_HEADER = YES;
				CLANG_WARN_RANGE_LOOP_ANALYSIS = YES;
				CLANG_WARN_STRICT_PROTOTYPES = YES;
				CLANG_WARN_SUSPICIOUS_MOVE = YES;
				CLANG_WARN_UNGUARDED_AVAILABILITY = YES_AGGRESSIVE;
				CLANG_WARN_UNREACHABLE_CODE = YES;
				CLANG_WARN__DUPLICATE_METHOD_MATCH = YES;
				COPY_PHASE_STRIP = NO;
				DEBUG_INFORMATION_FORMAT = dwarf;
				ENABLE_STRICT_OBJC_MSGSEND = YES;
				ENABLE_TESTABILITY = YES;
				ENABLE_USER_SCRIPT_SANDBOXING = YES;
				GCC_C_LANGUAGE_STANDARD = gnu17;
				GCC_DYNAMIC_NO_PIC = NO;
				GCC_NO_COMMON_BLOCKS = YES;
				GCC_OPTIMIZATION_LEVEL = 0;
				GCC_PREPROCESSOR_DEFINITIONS = (
					"DEBUG=1",
					"$(inherited)",
				);
				GCC_WARN_64_TO_32_BIT_CONVERSION = YES;
				GCC_WARN_ABOUT_RETURN_TYPE = YES_ERROR;
				GCC_WARN_UNDECLARED_SELECTOR = YES;
				GCC_WARN_UNINITIALIZED_AUTOS = YES_AGGRESSIVE;
				GCC_WARN_UNUSED_FUNCTION = YES;
				GCC_WARN_UNUSED_VARIABLE = YES;
				IPHONEOS_DEPLOYMENT_TARGET = 17.4;
				LOCALIZATION_PREFERS_STRING_CATALOGS = YES;
				MTL_ENABLE_DEBUG_INFO = INCLUDE_SOURCE;
				MTL_FAST_MATH = YES;
				ONLY_ACTIVE_ARCH = YES;
				SDKROOT = iphoneos;
				SWIFT_ACTIVE_COMPILATION_CONDITIONS = "DEBUG $(inherited)";
				SWIFT_OPTIMIZATION_LEVEL = "-Onone";
			};
			name = Debug;
		};
		FFDF33D52BF3A5FD0070688B /* Release */ = {
			isa = XCBuildConfiguration;
			buildSettings = {
				ALWAYS_SEARCH_USER_PATHS = NO;
				ASSETCATALOG_COMPILER_GENERATE_SWIFT_ASSET_SYMBOL_EXTENSIONS = YES;
				CLANG_ANALYZER_NONNULL = YES;
				CLANG_ANALYZER_NUMBER_OBJECT_CONVERSION = YES_AGGRESSIVE;
				CLANG_CXX_LANGUAGE_STANDARD = "gnu++20";
				CLANG_ENABLE_MODULES = YES;
				CLANG_ENABLE_OBJC_ARC = YES;
				CLANG_ENABLE_OBJC_WEAK = YES;
				CLANG_WARN_BLOCK_CAPTURE_AUTORELEASING = YES;
				CLANG_WARN_BOOL_CONVERSION = YES;
				CLANG_WARN_COMMA = YES;
				CLANG_WARN_CONSTANT_CONVERSION = YES;
				CLANG_WARN_DEPRECATED_OBJC_IMPLEMENTATIONS = YES;
				CLANG_WARN_DIRECT_OBJC_ISA_USAGE = YES_ERROR;
				CLANG_WARN_DOCUMENTATION_COMMENTS = YES;
				CLANG_WARN_EMPTY_BODY = YES;
				CLANG_WARN_ENUM_CONVERSION = YES;
				CLANG_WARN_INFINITE_RECURSION = YES;
				CLANG_WARN_INT_CONVERSION = YES;
				CLANG_WARN_NON_LITERAL_NULL_CONVERSION = YES;
				CLANG_WARN_OBJC_IMPLICIT_RETAIN_SELF = YES;
				CLANG_WARN_OBJC_LITERAL_CONVERSION = YES;
				CLANG_WARN_OBJC_ROOT_CLASS = YES_ERROR;
				CLANG_WARN_QUOTED_INCLUDE_IN_FRAMEWORK_HEADER = YES;
				CLANG_WARN_RANGE_LOOP_ANALYSIS = YES;
				CLANG_WARN_STRICT_PROTOTYPES = YES;
				CLANG_WARN_SUSPICIOUS_MOVE = YES;
				CLANG_WARN_UNGUARDED_AVAILABILITY = YES_AGGRESSIVE;
				CLANG_WARN_UNREACHABLE_CODE = YES;
				CLANG_WARN__DUPLICATE_METHOD_MATCH = YES;
				COPY_PHASE_STRIP = NO;
				DEBUG_INFORMATION_FORMAT = "dwarf-with-dsym";
				ENABLE_NS_ASSERTIONS = NO;
				ENABLE_STRICT_OBJC_MSGSEND = YES;
				ENABLE_USER_SCRIPT_SANDBOXING = YES;
				GCC_C_LANGUAGE_STANDARD = gnu17;
				GCC_NO_COMMON_BLOCKS = YES;
				GCC_WARN_64_TO_32_BIT_CONVERSION = YES;
				GCC_WARN_ABOUT_RETURN_TYPE = YES_ERROR;
				GCC_WARN_UNDECLARED_SELECTOR = YES;
				GCC_WARN_UNINITIALIZED_AUTOS = YES_AGGRESSIVE;
				GCC_WARN_UNUSED_FUNCTION = YES;
				GCC_WARN_UNUSED_VARIABLE = YES;
				IPHONEOS_DEPLOYMENT_TARGET = 17.4;
				LOCALIZATION_PREFERS_STRING_CATALOGS = YES;
				MTL_ENABLE_DEBUG_INFO = NO;
				MTL_FAST_MATH = YES;
				SDKROOT = iphoneos;
				SWIFT_COMPILATION_MODE = wholemodule;
				VALIDATE_PRODUCT = YES;
			};
			name = Release;
		};
		FFDF33D72BF3A5FD0070688B /* Debug */ = {
			isa = XCBuildConfiguration;
			buildSettings = {
				ASSETCATALOG_COMPILER_APPICON_NAME = AppIcon;
				ASSETCATALOG_COMPILER_GLOBAL_ACCENT_COLOR_NAME = AccentColor;
				CODE_SIGN_STYLE = Automatic;
				CURRENT_PROJECT_VERSION = 1;
				DEVELOPMENT_TEAM = AF68Y4A9MG;
				GENERATE_INFOPLIST_FILE = YES;
				INFOPLIST_FILE = LockApp/App/Info.plist;
				INFOPLIST_KEY_UIApplicationSupportsIndirectInputEvents = YES;
				INFOPLIST_KEY_UILaunchStoryboardName = LaunchScreen;
				INFOPLIST_KEY_UISupportedInterfaceOrientations_iPad = "UIInterfaceOrientationPortrait UIInterfaceOrientationPortraitUpsideDown UIInterfaceOrientationLandscapeLeft UIInterfaceOrientationLandscapeRight";
				INFOPLIST_KEY_UISupportedInterfaceOrientations_iPhone = "UIInterfaceOrientationPortrait UIInterfaceOrientationLandscapeLeft UIInterfaceOrientationLandscapeRight";
				IPHONEOS_DEPLOYMENT_TARGET = 17.0;
				LD_RUNPATH_SEARCH_PATHS = (
					"$(inherited)",
					"@executable_path/Frameworks",
				);
				MARKETING_VERSION = 1.0;
				PRODUCT_BUNDLE_IDENTIFIER = anatolii.khramchenko.LockApp;
				PRODUCT_NAME = "$(TARGET_NAME)";
				SWIFT_EMIT_LOC_STRINGS = YES;
				SWIFT_VERSION = 5.0;
				TARGETED_DEVICE_FAMILY = "1,2";
			};
			name = Debug;
		};
		FFDF33D82BF3A5FD0070688B /* Release */ = {
			isa = XCBuildConfiguration;
			buildSettings = {
				ASSETCATALOG_COMPILER_APPICON_NAME = AppIcon;
				ASSETCATALOG_COMPILER_GLOBAL_ACCENT_COLOR_NAME = AccentColor;
				CODE_SIGN_STYLE = Automatic;
				CURRENT_PROJECT_VERSION = 1;
				DEVELOPMENT_TEAM = AF68Y4A9MG;
				GENERATE_INFOPLIST_FILE = YES;
				INFOPLIST_FILE = LockApp/App/Info.plist;
				INFOPLIST_KEY_UIApplicationSupportsIndirectInputEvents = YES;
				INFOPLIST_KEY_UILaunchStoryboardName = LaunchScreen;
				INFOPLIST_KEY_UISupportedInterfaceOrientations_iPad = "UIInterfaceOrientationPortrait UIInterfaceOrientationPortraitUpsideDown UIInterfaceOrientationLandscapeLeft UIInterfaceOrientationLandscapeRight";
				INFOPLIST_KEY_UISupportedInterfaceOrientations_iPhone = "UIInterfaceOrientationPortrait UIInterfaceOrientationLandscapeLeft UIInterfaceOrientationLandscapeRight";
				IPHONEOS_DEPLOYMENT_TARGET = 17.0;
				LD_RUNPATH_SEARCH_PATHS = (
					"$(inherited)",
					"@executable_path/Frameworks",
				);
				MARKETING_VERSION = 1.0;
				PRODUCT_BUNDLE_IDENTIFIER = anatolii.khramchenko.LockApp;
				PRODUCT_NAME = "$(TARGET_NAME)";
				SWIFT_EMIT_LOC_STRINGS = YES;
				SWIFT_VERSION = 5.0;
				TARGETED_DEVICE_FAMILY = "1,2";
			};
			name = Release;
		};
/* End XCBuildConfiguration section */

/* Begin XCConfigurationList section */
		FFDF33BD2BF3A5FB0070688B /* Build configuration list for PBXProject "LockApp" */ = {
			isa = XCConfigurationList;
			buildConfigurations = (
				FFDF33D42BF3A5FD0070688B /* Debug */,
				FFDF33D52BF3A5FD0070688B /* Release */,
			);
			defaultConfigurationIsVisible = 0;
			defaultConfigurationName = Release;
		};
		FFDF33D62BF3A5FD0070688B /* Build configuration list for PBXNativeTarget "LockApp" */ = {
			isa = XCConfigurationList;
			buildConfigurations = (
				FFDF33D72BF3A5FD0070688B /* Debug */,
				FFDF33D82BF3A5FD0070688B /* Release */,
			);
			defaultConfigurationIsVisible = 0;
			defaultConfigurationName = Release;
		};
/* End XCConfigurationList section */
	};
	rootObject = FFDF33BA2BF3A5FB0070688B /* Project object */;
}
