// !$*UTF8*$!
{
	archiveVersion = 1;
	classes = {
	};
	objectVersion = 56;
	objects = {

/* Begin PBXBuildFile section */
		FF3BCD6E2BF51FD5005AE399 /* FlowExecutor.swift in Sources */ = {isa = PBXBuildFile; fileRef = FF3BCD6D2BF51FD5005AE399 /* FlowExecutor.swift */; };
		FF3BCD702BF52004005AE399 /* Flow.swift in Sources */ = {isa = PBXBuildFile; fileRef = FF3BCD6F2BF52004005AE399 /* Flow.swift */; };
		FF3BCD722BF52131005AE399 /* FlowFactory.swift in Sources */ = {isa = PBXBuildFile; fileRef = FF3BCD712BF52131005AE399 /* FlowFactory.swift */; };
		FF3BCD752BF52415005AE399 /* CustomizedTextField.swift in Sources */ = {isa = PBXBuildFile; fileRef = FF3BCD742BF52415005AE399 /* CustomizedTextField.swift */; };
		FF3BCD782BF527C2005AE399 /* CustomizedButton.swift in Sources */ = {isa = PBXBuildFile; fileRef = FF3BCD772BF527C2005AE399 /* CustomizedButton.swift */; };
		FF3BCD7B2BF5298B005AE399 /* ActivityIndicator.swift in Sources */ = {isa = PBXBuildFile; fileRef = FF3BCD7A2BF5298B005AE399 /* ActivityIndicator.swift */; };
		FF3BCD802BF52E07005AE399 /* EnterServerView.swift in Sources */ = {isa = PBXBuildFile; fileRef = FF3BCD7F2BF52E07005AE399 /* EnterServerView.swift */; };
		FF3BCD832BF52EBC005AE399 /* EnterServerViewModel.swift in Sources */ = {isa = PBXBuildFile; fileRef = FF3BCD822BF52EBC005AE399 /* EnterServerViewModel.swift */; };
		FF3BCD872BF53274005AE399 /* SwiftUIAlert.swift in Sources */ = {isa = PBXBuildFile; fileRef = FF3BCD862BF53274005AE399 /* SwiftUIAlert.swift */; };
		FF3BCD892BF53301005AE399 /* Texts.swift in Sources */ = {isa = PBXBuildFile; fileRef = FF3BCD882BF53301005AE399 /* Texts.swift */; };
		FF3BCD8C2BF5349A005AE399 /* StandartBackgroundWrapper.swift in Sources */ = {isa = PBXBuildFile; fileRef = FF3BCD8B2BF5349A005AE399 /* StandartBackgroundWrapper.swift */; };
		FF3BCD8F2BF53965005AE399 /* CloseKeyboardWrapper.swift in Sources */ = {isa = PBXBuildFile; fileRef = FF3BCD8E2BF53965005AE399 /* CloseKeyboardWrapper.swift */; };
		FF3BCD912BF53D63005AE399 /* UserDefaultsValues.swift in Sources */ = {isa = PBXBuildFile; fileRef = FF3BCD902BF53D63005AE399 /* UserDefaultsValues.swift */; };
		FF3BCD952BF53EA3005AE399 /* NotificationNames.swift in Sources */ = {isa = PBXBuildFile; fileRef = FF3BCD942BF53EA3005AE399 /* NotificationNames.swift */; };
		FF3BCD982BF540E0005AE399 /* NetworkManager.swift in Sources */ = {isa = PBXBuildFile; fileRef = FF3BCD972BF540E0005AE399 /* NetworkManager.swift */; };
		FF3BCD9A2BF5410E005AE399 /* ValidServerResponse.swift in Sources */ = {isa = PBXBuildFile; fileRef = FF3BCD992BF5410E005AE399 /* ValidServerResponse.swift */; };
		FF3BCD9C2BF54142005AE399 /* RequestMaker.swift in Sources */ = {isa = PBXBuildFile; fileRef = FF3BCD9B2BF54142005AE399 /* RequestMaker.swift */; };
		FF3BCD9E2BF5427F005AE399 /* ServerEndpoints.swift in Sources */ = {isa = PBXBuildFile; fileRef = FF3BCD9D2BF5427F005AE399 /* ServerEndpoints.swift */; };
		FF3BCDA22BF550EB005AE399 /* LoadingViewModel.swift in Sources */ = {isa = PBXBuildFile; fileRef = FF3BCDA12BF550EB005AE399 /* LoadingViewModel.swift */; };
		FF3BCDA52BF55158005AE399 /* LoadingView.swift in Sources */ = {isa = PBXBuildFile; fileRef = FF3BCDA42BF55158005AE399 /* LoadingView.swift */; };
		FF3BCDA72BF5559F005AE399 /* NetworkMonitor.swift in Sources */ = {isa = PBXBuildFile; fileRef = FF3BCDA62BF5559F005AE399 /* NetworkMonitor.swift */; };
		FF3BCDAB2BF558BF005AE399 /* Keychain.swift in Sources */ = {isa = PBXBuildFile; fileRef = FF3BCDAA2BF558BF005AE399 /* Keychain.swift */; };
		FF3BCDAD2BF55962005AE399 /* KeychainValues.swift in Sources */ = {isa = PBXBuildFile; fileRef = FF3BCDAC2BF55962005AE399 /* KeychainValues.swift */; };
		FF3BCDB22BF55CDB005AE399 /* TokenRefresher.swift in Sources */ = {isa = PBXBuildFile; fileRef = FF3BCDB12BF55CDB005AE399 /* TokenRefresher.swift */; };
		FF3BCDB52BF55F31005AE399 /* AuthTokens.swift in Sources */ = {isa = PBXBuildFile; fileRef = FF3BCDB42BF55F31005AE399 /* AuthTokens.swift */; };
		FF3BCDB72BF56275005AE399 /* EmployerModel.swift in Sources */ = {isa = PBXBuildFile; fileRef = FF3BCDB62BF56275005AE399 /* EmployerModel.swift */; };
		FF3BCDBB2BF5F4B0005AE399 /* RegistrationViewModel.swift in Sources */ = {isa = PBXBuildFile; fileRef = FF3BCDBA2BF5F4B0005AE399 /* RegistrationViewModel.swift */; };
		FF3BCDBE2BF5F571005AE399 /* RegistrationView.swift in Sources */ = {isa = PBXBuildFile; fileRef = FF3BCDBD2BF5F571005AE399 /* RegistrationView.swift */; };
		FF3BCDC02BF5F8CD005AE399 /* SmallButton.swift in Sources */ = {isa = PBXBuildFile; fileRef = FF3BCDBF2BF5F8CD005AE399 /* SmallButton.swift */; };
		FF3BCDC32BF609D8005AE399 /* RegistrationShowerDelegate.swift in Sources */ = {isa = PBXBuildFile; fileRef = FF3BCDC22BF609D8005AE399 /* RegistrationShowerDelegate.swift */; };
		FF3BCDC82BF6165F005AE399 /* ChangePasswordViewModel.swift in Sources */ = {isa = PBXBuildFile; fileRef = FF3BCDC72BF6165F005AE399 /* ChangePasswordViewModel.swift */; };
		FF3BCDCD2BF61FCB005AE399 /* ChangePasswordView.swift in Sources */ = {isa = PBXBuildFile; fileRef = FF3BCDCC2BF61FCB005AE399 /* ChangePasswordView.swift */; };
		FF3BCDD02BF62467005AE399 /* UpdaterView.swift in Sources */ = {isa = PBXBuildFile; fileRef = FF3BCDCF2BF62467005AE399 /* UpdaterView.swift */; };
		FF3BCDD22BF62B60005AE399 /* ChangePasswordViewModel+Email.swift in Sources */ = {isa = PBXBuildFile; fileRef = FF3BCDD12BF62B60005AE399 /* ChangePasswordViewModel+Email.swift */; };
		FF3BCDD42BF62D35005AE399 /* ChangePasswordEmail.swift in Sources */ = {isa = PBXBuildFile; fileRef = FF3BCDD32BF62D35005AE399 /* ChangePasswordEmail.swift */; };
		FF3BCDD62BF62ECA005AE399 /* ChangePasswordCode.swift in Sources */ = {isa = PBXBuildFile; fileRef = FF3BCDD52BF62ECA005AE399 /* ChangePasswordCode.swift */; };
		FF3BCDD82BF6374D005AE399 /* ChangePasswordViewModel+Password.swift in Sources */ = {isa = PBXBuildFile; fileRef = FF3BCDD72BF6374D005AE399 /* ChangePasswordViewModel+Password.swift */; };
		FF3BCDDA2BF6386A005AE399 /* PasswordContainer.swift in Sources */ = {isa = PBXBuildFile; fileRef = FF3BCDD92BF6386A005AE399 /* PasswordContainer.swift */; };
		FFDF33C62BF3A5FB0070688B /* AppDelegate.swift in Sources */ = {isa = PBXBuildFile; fileRef = FFDF33C52BF3A5FB0070688B /* AppDelegate.swift */; };
		FFDF33C82BF3A5FB0070688B /* SceneDelegate.swift in Sources */ = {isa = PBXBuildFile; fileRef = FFDF33C72BF3A5FB0070688B /* SceneDelegate.swift */; };
		FFDF33CF2BF3A5FD0070688B /* Assets.xcassets in Resources */ = {isa = PBXBuildFile; fileRef = FFDF33CE2BF3A5FD0070688B /* Assets.xcassets */; };
		FFDF33D22BF3A5FD0070688B /* Base in Resources */ = {isa = PBXBuildFile; fileRef = FFDF33D12BF3A5FD0070688B /* Base */; };
/* End PBXBuildFile section */

/* Begin PBXFileReference section */
		FF3BCD6D2BF51FD5005AE399 /* FlowExecutor.swift */ = {isa = PBXFileReference; lastKnownFileType = sourcecode.swift; path = FlowExecutor.swift; sourceTree = "<group>"; };
		FF3BCD6F2BF52004005AE399 /* Flow.swift */ = {isa = PBXFileReference; lastKnownFileType = sourcecode.swift; path = Flow.swift; sourceTree = "<group>"; };
		FF3BCD712BF52131005AE399 /* FlowFactory.swift */ = {isa = PBXFileReference; lastKnownFileType = sourcecode.swift; path = FlowFactory.swift; sourceTree = "<group>"; };
		FF3BCD742BF52415005AE399 /* CustomizedTextField.swift */ = {isa = PBXFileReference; lastKnownFileType = sourcecode.swift; path = CustomizedTextField.swift; sourceTree = "<group>"; };
		FF3BCD772BF527C2005AE399 /* CustomizedButton.swift */ = {isa = PBXFileReference; lastKnownFileType = sourcecode.swift; path = CustomizedButton.swift; sourceTree = "<group>"; };
		FF3BCD7A2BF5298B005AE399 /* ActivityIndicator.swift */ = {isa = PBXFileReference; lastKnownFileType = sourcecode.swift; path = ActivityIndicator.swift; sourceTree = "<group>"; };
		FF3BCD7F2BF52E07005AE399 /* EnterServerView.swift */ = {isa = PBXFileReference; lastKnownFileType = sourcecode.swift; path = EnterServerView.swift; sourceTree = "<group>"; };
		FF3BCD822BF52EBC005AE399 /* EnterServerViewModel.swift */ = {isa = PBXFileReference; lastKnownFileType = sourcecode.swift; path = EnterServerViewModel.swift; sourceTree = "<group>"; };
		FF3BCD862BF53274005AE399 /* SwiftUIAlert.swift */ = {isa = PBXFileReference; lastKnownFileType = sourcecode.swift; path = SwiftUIAlert.swift; sourceTree = "<group>"; };
		FF3BCD882BF53301005AE399 /* Texts.swift */ = {isa = PBXFileReference; lastKnownFileType = sourcecode.swift; path = Texts.swift; sourceTree = "<group>"; };
		FF3BCD8B2BF5349A005AE399 /* StandartBackgroundWrapper.swift */ = {isa = PBXFileReference; lastKnownFileType = sourcecode.swift; path = StandartBackgroundWrapper.swift; sourceTree = "<group>"; };
		FF3BCD8E2BF53965005AE399 /* CloseKeyboardWrapper.swift */ = {isa = PBXFileReference; lastKnownFileType = sourcecode.swift; path = CloseKeyboardWrapper.swift; sourceTree = "<group>"; };
		FF3BCD902BF53D63005AE399 /* UserDefaultsValues.swift */ = {isa = PBXFileReference; lastKnownFileType = sourcecode.swift; path = UserDefaultsValues.swift; sourceTree = "<group>"; };
		FF3BCD942BF53EA3005AE399 /* NotificationNames.swift */ = {isa = PBXFileReference; lastKnownFileType = sourcecode.swift; path = NotificationNames.swift; sourceTree = "<group>"; };
		FF3BCD972BF540E0005AE399 /* NetworkManager.swift */ = {isa = PBXFileReference; lastKnownFileType = sourcecode.swift; path = NetworkManager.swift; sourceTree = "<group>"; };
		FF3BCD992BF5410E005AE399 /* ValidServerResponse.swift */ = {isa = PBXFileReference; lastKnownFileType = sourcecode.swift; path = ValidServerResponse.swift; sourceTree = "<group>"; };
		FF3BCD9B2BF54142005AE399 /* RequestMaker.swift */ = {isa = PBXFileReference; lastKnownFileType = sourcecode.swift; path = RequestMaker.swift; sourceTree = "<group>"; };
		FF3BCD9D2BF5427F005AE399 /* ServerEndpoints.swift */ = {isa = PBXFileReference; lastKnownFileType = sourcecode.swift; path = ServerEndpoints.swift; sourceTree = "<group>"; };
		FF3BCDA12BF550EB005AE399 /* LoadingViewModel.swift */ = {isa = PBXFileReference; lastKnownFileType = sourcecode.swift; path = LoadingViewModel.swift; sourceTree = "<group>"; };
		FF3BCDA42BF55158005AE399 /* LoadingView.swift */ = {isa = PBXFileReference; lastKnownFileType = sourcecode.swift; path = LoadingView.swift; sourceTree = "<group>"; };
		FF3BCDA62BF5559F005AE399 /* NetworkMonitor.swift */ = {isa = PBXFileReference; lastKnownFileType = sourcecode.swift; path = NetworkMonitor.swift; sourceTree = "<group>"; };
		FF3BCDAA2BF558BF005AE399 /* Keychain.swift */ = {isa = PBXFileReference; lastKnownFileType = sourcecode.swift; path = Keychain.swift; sourceTree = "<group>"; };
		FF3BCDAC2BF55962005AE399 /* KeychainValues.swift */ = {isa = PBXFileReference; lastKnownFileType = sourcecode.swift; path = KeychainValues.swift; sourceTree = "<group>"; };
		FF3BCDB12BF55CDB005AE399 /* TokenRefresher.swift */ = {isa = PBXFileReference; lastKnownFileType = sourcecode.swift; path = TokenRefresher.swift; sourceTree = "<group>"; };
		FF3BCDB42BF55F31005AE399 /* AuthTokens.swift */ = {isa = PBXFileReference; lastKnownFileType = sourcecode.swift; path = AuthTokens.swift; sourceTree = "<group>"; };
		FF3BCDB62BF56275005AE399 /* EmployerModel.swift */ = {isa = PBXFileReference; lastKnownFileType = sourcecode.swift; path = EmployerModel.swift; sourceTree = "<group>"; };
		FF3BCDBA2BF5F4B0005AE399 /* RegistrationViewModel.swift */ = {isa = PBXFileReference; lastKnownFileType = sourcecode.swift; path = RegistrationViewModel.swift; sourceTree = "<group>"; };
		FF3BCDBD2BF5F571005AE399 /* RegistrationView.swift */ = {isa = PBXFileReference; lastKnownFileType = sourcecode.swift; path = RegistrationView.swift; sourceTree = "<group>"; };
		FF3BCDBF2BF5F8CD005AE399 /* SmallButton.swift */ = {isa = PBXFileReference; lastKnownFileType = sourcecode.swift; path = SmallButton.swift; sourceTree = "<group>"; };
		FF3BCDC22BF609D8005AE399 /* RegistrationShowerDelegate.swift */ = {isa = PBXFileReference; lastKnownFileType = sourcecode.swift; path = RegistrationShowerDelegate.swift; sourceTree = "<group>"; };
		FF3BCDC72BF6165F005AE399 /* ChangePasswordViewModel.swift */ = {isa = PBXFileReference; lastKnownFileType = sourcecode.swift; path = ChangePasswordViewModel.swift; sourceTree = "<group>"; };
		FF3BCDCC2BF61FCB005AE399 /* ChangePasswordView.swift */ = {isa = PBXFileReference; lastKnownFileType = sourcecode.swift; path = ChangePasswordView.swift; sourceTree = "<group>"; };
		FF3BCDCF2BF62467005AE399 /* UpdaterView.swift */ = {isa = PBXFileReference; lastKnownFileType = sourcecode.swift; path = UpdaterView.swift; sourceTree = "<group>"; };
		FF3BCDD12BF62B60005AE399 /* ChangePasswordViewModel+Email.swift */ = {isa = PBXFileReference; lastKnownFileType = sourcecode.swift; path = "ChangePasswordViewModel+Email.swift"; sourceTree = "<group>"; };
		FF3BCDD32BF62D35005AE399 /* ChangePasswordEmail.swift */ = {isa = PBXFileReference; lastKnownFileType = sourcecode.swift; path = ChangePasswordEmail.swift; sourceTree = "<group>"; };
		FF3BCDD52BF62ECA005AE399 /* ChangePasswordCode.swift */ = {isa = PBXFileReference; lastKnownFileType = sourcecode.swift; path = ChangePasswordCode.swift; sourceTree = "<group>"; };
		FF3BCDD72BF6374D005AE399 /* ChangePasswordViewModel+Password.swift */ = {isa = PBXFileReference; lastKnownFileType = sourcecode.swift; path = "ChangePasswordViewModel+Password.swift"; sourceTree = "<group>"; };
		FF3BCDD92BF6386A005AE399 /* PasswordContainer.swift */ = {isa = PBXFileReference; lastKnownFileType = sourcecode.swift; path = PasswordContainer.swift; sourceTree = "<group>"; };
		FFDF33C22BF3A5FB0070688B /* LockApp.app */ = {isa = PBXFileReference; explicitFileType = wrapper.application; includeInIndex = 0; path = LockApp.app; sourceTree = BUILT_PRODUCTS_DIR; };
		FFDF33C52BF3A5FB0070688B /* AppDelegate.swift */ = {isa = PBXFileReference; lastKnownFileType = sourcecode.swift; path = AppDelegate.swift; sourceTree = "<group>"; };
		FFDF33C72BF3A5FB0070688B /* SceneDelegate.swift */ = {isa = PBXFileReference; lastKnownFileType = sourcecode.swift; path = SceneDelegate.swift; sourceTree = "<group>"; };
		FFDF33CE2BF3A5FD0070688B /* Assets.xcassets */ = {isa = PBXFileReference; lastKnownFileType = folder.assetcatalog; path = Assets.xcassets; sourceTree = "<group>"; };
		FFDF33D12BF3A5FD0070688B /* Base */ = {isa = PBXFileReference; lastKnownFileType = file.storyboard; name = Base; path = Base.lproj/LaunchScreen.storyboard; sourceTree = "<group>"; };
		FFDF33D32BF3A5FD0070688B /* Info.plist */ = {isa = PBXFileReference; lastKnownFileType = text.plist.xml; path = Info.plist; sourceTree = "<group>"; };
/* End PBXFileReference section */

/* Begin PBXFrameworksBuildPhase section */
		FFDF33BF2BF3A5FB0070688B /* Frameworks */ = {
			isa = PBXFrameworksBuildPhase;
			buildActionMask = 2147483647;
			files = (
			);
			runOnlyForDeploymentPostprocessing = 0;
		};
/* End PBXFrameworksBuildPhase section */

/* Begin PBXGroup section */
		FF3BCD642BF51EB1005AE399 /* App */ = {
			isa = PBXGroup;
			children = (
				FFDF33D32BF3A5FD0070688B /* Info.plist */,
				FFDF33D02BF3A5FD0070688B /* LaunchScreen.storyboard */,
				FFDF33C72BF3A5FB0070688B /* SceneDelegate.swift */,
				FFDF33C52BF3A5FB0070688B /* AppDelegate.swift */,
			);
			path = App;
			sourceTree = "<group>";
		};
		FF3BCD652BF51ECB005AE399 /* Resources */ = {
			isa = PBXGroup;
			children = (
				FFDF33CE2BF3A5FD0070688B /* Assets.xcassets */,
				FF3BCD882BF53301005AE399 /* Texts.swift */,
			);
			path = Resources;
			sourceTree = "<group>";
		};
		FF3BCD662BF51F1C005AE399 /* View */ = {
			isa = PBXGroup;
			children = (
				FF3BCDCE2BF6244D005AE399 /* Updater */,
				FF3BCD792BF52977005AE399 /* ActivityIndicator */,
				FF3BCD762BF527B4005AE399 /* Button */,
				FF3BCD732BF523E6005AE399 /* Field */,
			);
			path = View;
			sourceTree = "<group>";
		};
		FF3BCD672BF51F22005AE399 /* Model */ = {
			isa = PBXGroup;
			children = (
				FF3BCDB32BF55F23005AE399 /* Server */,
			);
			path = Model;
			sourceTree = "<group>";
		};
		FF3BCD682BF51F28005AE399 /* Flow */ = {
			isa = PBXGroup;
			children = (
				FF3BCD6C2BF51FB4005AE399 /* Flow */,
				FF3BCD6B2BF51F7C005AE399 /* Factory */,
				FF3BCD6A2BF51F6C005AE399 /* Controllers */,
			);
			path = Flow;
			sourceTree = "<group>";
		};
		FF3BCD692BF51F37005AE399 /* Managers */ = {
			isa = PBXGroup;
			children = (
				FF3BCDA82BF5587C005AE399 /* Storage */,
				FF3BCD962BF540D2005AE399 /* Network */,
				FF3BCD932BF53E8F005AE399 /* Notification */,
			);
			path = Managers;
			sourceTree = "<group>";
		};
		FF3BCD6A2BF51F6C005AE399 /* Controllers */ = {
			isa = PBXGroup;
			children = (
				FF3BCD7C2BF52D5F005AE399 /* Preparation */,
			);
			path = Controllers;
			sourceTree = "<group>";
		};
		FF3BCD6B2BF51F7C005AE399 /* Factory */ = {
			isa = PBXGroup;
			children = (
				FF3BCD712BF52131005AE399 /* FlowFactory.swift */,
			);
			path = Factory;
			sourceTree = "<group>";
		};
		FF3BCD6C2BF51FB4005AE399 /* Flow */ = {
			isa = PBXGroup;
			children = (
				FF3BCD6D2BF51FD5005AE399 /* FlowExecutor.swift */,
				FF3BCD6F2BF52004005AE399 /* Flow.swift */,
			);
			path = Flow;
			sourceTree = "<group>";
		};
		FF3BCD732BF523E6005AE399 /* Field */ = {
			isa = PBXGroup;
			children = (
				FF3BCD742BF52415005AE399 /* CustomizedTextField.swift */,
			);
			path = Field;
			sourceTree = "<group>";
		};
		FF3BCD762BF527B4005AE399 /* Button */ = {
			isa = PBXGroup;
			children = (
				FF3BCD772BF527C2005AE399 /* CustomizedButton.swift */,
				FF3BCDBF2BF5F8CD005AE399 /* SmallButton.swift */,
			);
			path = Button;
			sourceTree = "<group>";
		};
		FF3BCD792BF52977005AE399 /* ActivityIndicator */ = {
			isa = PBXGroup;
			children = (
				FF3BCD7A2BF5298B005AE399 /* ActivityIndicator.swift */,
			);
			path = ActivityIndicator;
			sourceTree = "<group>";
		};
		FF3BCD7C2BF52D5F005AE399 /* Preparation */ = {
			isa = PBXGroup;
			children = (
				FF3BCDC42BF615C0005AE399 /* ChangePassword */,
				FF3BCDB82BF5F47B005AE399 /* Registration */,
				FF3BCD9F2BF550CE005AE399 /* Loading */,
				FF3BCD7D2BF52D84005AE399 /* EnterServer */,
			);
			path = Preparation;
			sourceTree = "<group>";
		};
		FF3BCD7D2BF52D84005AE399 /* EnterServer */ = {
			isa = PBXGroup;
			children = (
				FF3BCD812BF52EA7005AE399 /* ViewModel */,
				FF3BCD7E2BF52DA6005AE399 /* View */,
			);
			path = EnterServer;
			sourceTree = "<group>";
		};
		FF3BCD7E2BF52DA6005AE399 /* View */ = {
			isa = PBXGroup;
			children = (
				FF3BCD7F2BF52E07005AE399 /* EnterServerView.swift */,
			);
			path = View;
			sourceTree = "<group>";
		};
		FF3BCD812BF52EA7005AE399 /* ViewModel */ = {
			isa = PBXGroup;
			children = (
				FF3BCD822BF52EBC005AE399 /* EnterServerViewModel.swift */,
			);
			path = ViewModel;
			sourceTree = "<group>";
		};
		FF3BCD842BF5325C005AE399 /* Extention */ = {
			isa = PBXGroup;
			children = (
				FF3BCD8D2BF5394B005AE399 /* CloseKeyboard */,
				FF3BCD8A2BF53484005AE399 /* StandartBackground */,
				FF3BCD852BF53267005AE399 /* Alert */,
			);
			path = Extention;
			sourceTree = "<group>";
		};
		FF3BCD852BF53267005AE399 /* Alert */ = {
			isa = PBXGroup;
			children = (
				FF3BCD862BF53274005AE399 /* SwiftUIAlert.swift */,
			);
			path = Alert;
			sourceTree = "<group>";
		};
		FF3BCD8A2BF53484005AE399 /* StandartBackground */ = {
			isa = PBXGroup;
			children = (
				FF3BCD8B2BF5349A005AE399 /* StandartBackgroundWrapper.swift */,
			);
			path = StandartBackground;
			sourceTree = "<group>";
		};
		FF3BCD8D2BF5394B005AE399 /* CloseKeyboard */ = {
			isa = PBXGroup;
			children = (
				FF3BCD8E2BF53965005AE399 /* CloseKeyboardWrapper.swift */,
			);
			path = CloseKeyboard;
			sourceTree = "<group>";
		};
		FF3BCD922BF53E84005AE399 /* UserDefaults */ = {
			isa = PBXGroup;
			children = (
				FF3BCD902BF53D63005AE399 /* UserDefaultsValues.swift */,
			);
			path = UserDefaults;
			sourceTree = "<group>";
		};
		FF3BCD932BF53E8F005AE399 /* Notification */ = {
			isa = PBXGroup;
			children = (
				FF3BCD942BF53EA3005AE399 /* NotificationNames.swift */,
			);
			path = Notification;
			sourceTree = "<group>";
		};
		FF3BCD962BF540D2005AE399 /* Network */ = {
			isa = PBXGroup;
			children = (
				FF3BCDB02BF55C74005AE399 /* Model */,
				FF3BCDAF2BF55C5C005AE399 /* Helpers */,
				FF3BCDAE2BF55C4B005AE399 /* Manager */,
			);
			path = Network;
			sourceTree = "<group>";
		};
		FF3BCD9F2BF550CE005AE399 /* Loading */ = {
			isa = PBXGroup;
			children = (
				FF3BCDA32BF5514C005AE399 /* View */,
				FF3BCDA02BF550DB005AE399 /* ViewModel */,
			);
			path = Loading;
			sourceTree = "<group>";
		};
		FF3BCDA02BF550DB005AE399 /* ViewModel */ = {
			isa = PBXGroup;
			children = (
				FF3BCDA12BF550EB005AE399 /* LoadingViewModel.swift */,
			);
			path = ViewModel;
			sourceTree = "<group>";
		};
		FF3BCDA32BF5514C005AE399 /* View */ = {
			isa = PBXGroup;
			children = (
				FF3BCDA42BF55158005AE399 /* LoadingView.swift */,
			);
			path = View;
			sourceTree = "<group>";
		};
		FF3BCDA82BF5587C005AE399 /* Storage */ = {
			isa = PBXGroup;
			children = (
				FF3BCDA92BF55885005AE399 /* Keychain */,
				FF3BCD922BF53E84005AE399 /* UserDefaults */,
			);
			path = Storage;
			sourceTree = "<group>";
		};
		FF3BCDA92BF55885005AE399 /* Keychain */ = {
			isa = PBXGroup;
			children = (
				FF3BCDAA2BF558BF005AE399 /* Keychain.swift */,
				FF3BCDAC2BF55962005AE399 /* KeychainValues.swift */,
			);
			path = Keychain;
			sourceTree = "<group>";
		};
		FF3BCDAE2BF55C4B005AE399 /* Manager */ = {
			isa = PBXGroup;
			children = (
				FF3BCD972BF540E0005AE399 /* NetworkManager.swift */,
			);
			path = Manager;
			sourceTree = "<group>";
		};
		FF3BCDAF2BF55C5C005AE399 /* Helpers */ = {
			isa = PBXGroup;
			children = (
				FF3BCD9B2BF54142005AE399 /* RequestMaker.swift */,
				FF3BCDA62BF5559F005AE399 /* NetworkMonitor.swift */,
				FF3BCDB12BF55CDB005AE399 /* TokenRefresher.swift */,
			);
			path = Helpers;
			sourceTree = "<group>";
		};
		FF3BCDB02BF55C74005AE399 /* Model */ = {
			isa = PBXGroup;
			children = (
				FF3BCD9D2BF5427F005AE399 /* ServerEndpoints.swift */,
			);
			path = Model;
			sourceTree = "<group>";
		};
		FF3BCDB32BF55F23005AE399 /* Server */ = {
			isa = PBXGroup;
			children = (
				FF3BCD992BF5410E005AE399 /* ValidServerResponse.swift */,
				FF3BCDB42BF55F31005AE399 /* AuthTokens.swift */,
				FF3BCDB62BF56275005AE399 /* EmployerModel.swift */,
				FF3BCDD32BF62D35005AE399 /* ChangePasswordEmail.swift */,
				FF3BCDD52BF62ECA005AE399 /* ChangePasswordCode.swift */,
				FF3BCDD92BF6386A005AE399 /* PasswordContainer.swift */,
			);
			path = Server;
			sourceTree = "<group>";
		};
		FF3BCDB82BF5F47B005AE399 /* Registration */ = {
			isa = PBXGroup;
			children = (
				FF3BCDC12BF609C4005AE399 /* Delegate */,
				FF3BCDBC2BF5F560005AE399 /* View */,
				FF3BCDB92BF5F49A005AE399 /* ViewModel */,
			);
			path = Registration;
			sourceTree = "<group>";
		};
		FF3BCDB92BF5F49A005AE399 /* ViewModel */ = {
			isa = PBXGroup;
			children = (
				FF3BCDBA2BF5F4B0005AE399 /* RegistrationViewModel.swift */,
			);
			path = ViewModel;
			sourceTree = "<group>";
		};
		FF3BCDBC2BF5F560005AE399 /* View */ = {
			isa = PBXGroup;
			children = (
				FF3BCDBD2BF5F571005AE399 /* RegistrationView.swift */,
			);
			path = View;
			sourceTree = "<group>";
		};
		FF3BCDC12BF609C4005AE399 /* Delegate */ = {
			isa = PBXGroup;
			children = (
				FF3BCDC22BF609D8005AE399 /* RegistrationShowerDelegate.swift */,
			);
			path = Delegate;
			sourceTree = "<group>";
		};
		FF3BCDC42BF615C0005AE399 /* ChangePassword */ = {
			isa = PBXGroup;
			children = (
				FF3BCDC92BF61FA7005AE399 /* View */,
				FF3BCDC62BF61625005AE399 /* ViewModel */,
			);
			path = ChangePassword;
			sourceTree = "<group>";
		};
		FF3BCDC62BF61625005AE399 /* ViewModel */ = {
			isa = PBXGroup;
			children = (
				FF3BCDC72BF6165F005AE399 /* ChangePasswordViewModel.swift */,
				FF3BCDD72BF6374D005AE399 /* ChangePasswordViewModel+Password.swift */,
				FF3BCDD12BF62B60005AE399 /* ChangePasswordViewModel+Email.swift */,
			);
			path = ViewModel;
			sourceTree = "<group>";
		};
		FF3BCDC92BF61FA7005AE399 /* View */ = {
			isa = PBXGroup;
			children = (
				FF3BCDCC2BF61FCB005AE399 /* ChangePasswordView.swift */,
			);
			path = View;
			sourceTree = "<group>";
		};
		FF3BCDCE2BF6244D005AE399 /* Updater */ = {
			isa = PBXGroup;
			children = (
				FF3BCDCF2BF62467005AE399 /* UpdaterView.swift */,
			);
			path = Updater;
			sourceTree = "<group>";
		};
		FFDF33B92BF3A5FB0070688B = {
			isa = PBXGroup;
			children = (
				FFDF33C42BF3A5FB0070688B /* LockApp */,
				FFDF33C32BF3A5FB0070688B /* Products */,
			);
			sourceTree = "<group>";
		};
		FFDF33C32BF3A5FB0070688B /* Products */ = {
			isa = PBXGroup;
			children = (
				FFDF33C22BF3A5FB0070688B /* LockApp.app */,
			);
			name = Products;
			sourceTree = "<group>";
		};
		FFDF33C42BF3A5FB0070688B /* LockApp */ = {
			isa = PBXGroup;
			children = (
				FF3BCD842BF5325C005AE399 /* Extention */,
				FF3BCD692BF51F37005AE399 /* Managers */,
				FF3BCD682BF51F28005AE399 /* Flow */,
				FF3BCD672BF51F22005AE399 /* Model */,
				FF3BCD662BF51F1C005AE399 /* View */,
				FF3BCD652BF51ECB005AE399 /* Resources */,
				FF3BCD642BF51EB1005AE399 /* App */,
			);
			path = LockApp;
			sourceTree = "<group>";
		};
/* End PBXGroup section */

/* Begin PBXNativeTarget section */
		FFDF33C12BF3A5FB0070688B /* LockApp */ = {
			isa = PBXNativeTarget;
			buildConfigurationList = FFDF33D62BF3A5FD0070688B /* Build configuration list for PBXNativeTarget "LockApp" */;
			buildPhases = (
				FFDF33BE2BF3A5FB0070688B /* Sources */,
				FFDF33BF2BF3A5FB0070688B /* Frameworks */,
				FFDF33C02BF3A5FB0070688B /* Resources */,
			);
			buildRules = (
			);
			dependencies = (
			);
			name = LockApp;
			productName = LockApp;
			productReference = FFDF33C22BF3A5FB0070688B /* LockApp.app */;
			productType = "com.apple.product-type.application";
		};
/* End PBXNativeTarget section */

/* Begin PBXProject section */
		FFDF33BA2BF3A5FB0070688B /* Project object */ = {
			isa = PBXProject;
			attributes = {
				BuildIndependentTargetsInParallel = 1;
				LastSwiftUpdateCheck = 1530;
				LastUpgradeCheck = 1530;
				TargetAttributes = {
					FFDF33C12BF3A5FB0070688B = {
						CreatedOnToolsVersion = 15.3;
					};
				};
			};
			buildConfigurationList = FFDF33BD2BF3A5FB0070688B /* Build configuration list for PBXProject "LockApp" */;
			compatibilityVersion = "Xcode 14.0";
			developmentRegion = en;
			hasScannedForEncodings = 0;
			knownRegions = (
				en,
				Base,
			);
			mainGroup = FFDF33B92BF3A5FB0070688B;
			productRefGroup = FFDF33C32BF3A5FB0070688B /* Products */;
			projectDirPath = "";
			projectRoot = "";
			targets = (
				FFDF33C12BF3A5FB0070688B /* LockApp */,
			);
		};
/* End PBXProject section */

/* Begin PBXResourcesBuildPhase section */
		FFDF33C02BF3A5FB0070688B /* Resources */ = {
			isa = PBXResourcesBuildPhase;
			buildActionMask = 2147483647;
			files = (
				FFDF33CF2BF3A5FD0070688B /* Assets.xcassets in Resources */,
				FFDF33D22BF3A5FD0070688B /* Base in Resources */,
			);
			runOnlyForDeploymentPostprocessing = 0;
		};
/* End PBXResourcesBuildPhase section */

/* Begin PBXSourcesBuildPhase section */
		FFDF33BE2BF3A5FB0070688B /* Sources */ = {
			isa = PBXSourcesBuildPhase;
			buildActionMask = 2147483647;
			files = (
				FF3BCDB72BF56275005AE399 /* EmployerModel.swift in Sources */,
				FF3BCD872BF53274005AE399 /* SwiftUIAlert.swift in Sources */,
				FF3BCDD22BF62B60005AE399 /* ChangePasswordViewModel+Email.swift in Sources */,
				FF3BCD722BF52131005AE399 /* FlowFactory.swift in Sources */,
				FF3BCDCD2BF61FCB005AE399 /* ChangePasswordView.swift in Sources */,
				FF3BCDBB2BF5F4B0005AE399 /* RegistrationViewModel.swift in Sources */,
				FF3BCD782BF527C2005AE399 /* CustomizedButton.swift in Sources */,
				FF3BCDB52BF55F31005AE399 /* AuthTokens.swift in Sources */,
				FF3BCDA52BF55158005AE399 /* LoadingView.swift in Sources */,
				FFDF33C62BF3A5FB0070688B /* AppDelegate.swift in Sources */,
				FF3BCDAB2BF558BF005AE399 /* Keychain.swift in Sources */,
				FF3BCDBE2BF5F571005AE399 /* RegistrationView.swift in Sources */,
				FF3BCD702BF52004005AE399 /* Flow.swift in Sources */,
				FF3BCD7B2BF5298B005AE399 /* ActivityIndicator.swift in Sources */,
				FF3BCD892BF53301005AE399 /* Texts.swift in Sources */,
				FF3BCD9E2BF5427F005AE399 /* ServerEndpoints.swift in Sources */,
				FF3BCD912BF53D63005AE399 /* UserDefaultsValues.swift in Sources */,
				FF3BCD9A2BF5410E005AE399 /* ValidServerResponse.swift in Sources */,
				FF3BCDD82BF6374D005AE399 /* ChangePasswordViewModel+Password.swift in Sources */,
				FF3BCD9C2BF54142005AE399 /* RequestMaker.swift in Sources */,
				FF3BCDD62BF62ECA005AE399 /* ChangePasswordCode.swift in Sources */,
				FF3BCD8C2BF5349A005AE399 /* StandartBackgroundWrapper.swift in Sources */,
				FF3BCDD02BF62467005AE399 /* UpdaterView.swift in Sources */,
				FF3BCDC32BF609D8005AE399 /* RegistrationShowerDelegate.swift in Sources */,
				FF3BCDAD2BF55962005AE399 /* KeychainValues.swift in Sources */,
				FF3BCD6E2BF51FD5005AE399 /* FlowExecutor.swift in Sources */,
				FF3BCD982BF540E0005AE399 /* NetworkManager.swift in Sources */,
				FF3BCD752BF52415005AE399 /* CustomizedTextField.swift in Sources */,
				FF3BCDB22BF55CDB005AE399 /* TokenRefresher.swift in Sources */,
				FF3BCD802BF52E07005AE399 /* EnterServerView.swift in Sources */,
				FF3BCD8F2BF53965005AE399 /* CloseKeyboardWrapper.swift in Sources */,
				FF3BCDA22BF550EB005AE399 /* LoadingViewModel.swift in Sources */,
				FF3BCDDA2BF6386A005AE399 /* PasswordContainer.swift in Sources */,
				FF3BCDD42BF62D35005AE399 /* ChangePasswordEmail.swift in Sources */,
				FF3BCD952BF53EA3005AE399 /* NotificationNames.swift in Sources */,
				FF3BCD832BF52EBC005AE399 /* EnterServerViewModel.swift in Sources */,
				FFDF33C82BF3A5FB0070688B /* SceneDelegate.swift in Sources */,
				FF3BCDA72BF5559F005AE399 /* NetworkMonitor.swift in Sources */,
				FF3BCDC82BF6165F005AE399 /* ChangePasswordViewModel.swift in Sources */,
				FF3BCDC02BF5F8CD005AE399 /* SmallButton.swift in Sources */,
			);
			runOnlyForDeploymentPostprocessing = 0;
		};
/* End PBXSourcesBuildPhase section */

/* Begin PBXVariantGroup section */
		FFDF33D02BF3A5FD0070688B /* LaunchScreen.storyboard */ = {
			isa = PBXVariantGroup;
			children = (
				FFDF33D12BF3A5FD0070688B /* Base */,
			);
			name = LaunchScreen.storyboard;
			sourceTree = "<group>";
		};
/* End PBXVariantGroup section */

/* Begin XCBuildConfiguration section */
		FFDF33D42BF3A5FD0070688B /* Debug */ = {
			isa = XCBuildConfiguration;
			buildSettings = {
				ALWAYS_SEARCH_USER_PATHS = NO;
				ASSETCATALOG_COMPILER_GENERATE_SWIFT_ASSET_SYMBOL_EXTENSIONS = YES;
				CLANG_ANALYZER_NONNULL = YES;
				CLANG_ANALYZER_NUMBER_OBJECT_CONVERSION = YES_AGGRESSIVE;
				CLANG_CXX_LANGUAGE_STANDARD = "gnu++20";
				CLANG_ENABLE_MODULES = YES;
				CLANG_ENABLE_OBJC_ARC = YES;
				CLANG_ENABLE_OBJC_WEAK = YES;
				CLANG_WARN_BLOCK_CAPTURE_AUTORELEASING = YES;
				CLANG_WARN_BOOL_CONVERSION = YES;
				CLANG_WARN_COMMA = YES;
				CLANG_WARN_CONSTANT_CONVERSION = YES;
				CLANG_WARN_DEPRECATED_OBJC_IMPLEMENTATIONS = YES;
				CLANG_WARN_DIRECT_OBJC_ISA_USAGE = YES_ERROR;
				CLANG_WARN_DOCUMENTATION_COMMENTS = YES;
				CLANG_WARN_EMPTY_BODY = YES;
				CLANG_WARN_ENUM_CONVERSION = YES;
				CLANG_WARN_INFINITE_RECURSION = YES;
				CLANG_WARN_INT_CONVERSION = YES;
				CLANG_WARN_NON_LITERAL_NULL_CONVERSION = YES;
				CLANG_WARN_OBJC_IMPLICIT_RETAIN_SELF = YES;
				CLANG_WARN_OBJC_LITERAL_CONVERSION = YES;
				CLANG_WARN_OBJC_ROOT_CLASS = YES_ERROR;
				CLANG_WARN_QUOTED_INCLUDE_IN_FRAMEWORK_HEADER = YES;
				CLANG_WARN_RANGE_LOOP_ANALYSIS = YES;
				CLANG_WARN_STRICT_PROTOTYPES = YES;
				CLANG_WARN_SUSPICIOUS_MOVE = YES;
				CLANG_WARN_UNGUARDED_AVAILABILITY = YES_AGGRESSIVE;
				CLANG_WARN_UNREACHABLE_CODE = YES;
				CLANG_WARN__DUPLICATE_METHOD_MATCH = YES;
				COPY_PHASE_STRIP = NO;
				DEBUG_INFORMATION_FORMAT = dwarf;
				ENABLE_STRICT_OBJC_MSGSEND = YES;
				ENABLE_TESTABILITY = YES;
				ENABLE_USER_SCRIPT_SANDBOXING = YES;
				GCC_C_LANGUAGE_STANDARD = gnu17;
				GCC_DYNAMIC_NO_PIC = NO;
				GCC_NO_COMMON_BLOCKS = YES;
				GCC_OPTIMIZATION_LEVEL = 0;
				GCC_PREPROCESSOR_DEFINITIONS = (
					"DEBUG=1",
					"$(inherited)",
				);
				GCC_WARN_64_TO_32_BIT_CONVERSION = YES;
				GCC_WARN_ABOUT_RETURN_TYPE = YES_ERROR;
				GCC_WARN_UNDECLARED_SELECTOR = YES;
				GCC_WARN_UNINITIALIZED_AUTOS = YES_AGGRESSIVE;
				GCC_WARN_UNUSED_FUNCTION = YES;
				GCC_WARN_UNUSED_VARIABLE = YES;
				IPHONEOS_DEPLOYMENT_TARGET = 17.4;
				LOCALIZATION_PREFERS_STRING_CATALOGS = YES;
				MTL_ENABLE_DEBUG_INFO = INCLUDE_SOURCE;
				MTL_FAST_MATH = YES;
				ONLY_ACTIVE_ARCH = YES;
				SDKROOT = iphoneos;
				SWIFT_ACTIVE_COMPILATION_CONDITIONS = "DEBUG $(inherited)";
				SWIFT_OPTIMIZATION_LEVEL = "-Onone";
			};
			name = Debug;
		};
		FFDF33D52BF3A5FD0070688B /* Release */ = {
			isa = XCBuildConfiguration;
			buildSettings = {
				ALWAYS_SEARCH_USER_PATHS = NO;
				ASSETCATALOG_COMPILER_GENERATE_SWIFT_ASSET_SYMBOL_EXTENSIONS = YES;
				CLANG_ANALYZER_NONNULL = YES;
				CLANG_ANALYZER_NUMBER_OBJECT_CONVERSION = YES_AGGRESSIVE;
				CLANG_CXX_LANGUAGE_STANDARD = "gnu++20";
				CLANG_ENABLE_MODULES = YES;
				CLANG_ENABLE_OBJC_ARC = YES;
				CLANG_ENABLE_OBJC_WEAK = YES;
				CLANG_WARN_BLOCK_CAPTURE_AUTORELEASING = YES;
				CLANG_WARN_BOOL_CONVERSION = YES;
				CLANG_WARN_COMMA = YES;
				CLANG_WARN_CONSTANT_CONVERSION = YES;
				CLANG_WARN_DEPRECATED_OBJC_IMPLEMENTATIONS = YES;
				CLANG_WARN_DIRECT_OBJC_ISA_USAGE = YES_ERROR;
				CLANG_WARN_DOCUMENTATION_COMMENTS = YES;
				CLANG_WARN_EMPTY_BODY = YES;
				CLANG_WARN_ENUM_CONVERSION = YES;
				CLANG_WARN_INFINITE_RECURSION = YES;
				CLANG_WARN_INT_CONVERSION = YES;
				CLANG_WARN_NON_LITERAL_NULL_CONVERSION = YES;
				CLANG_WARN_OBJC_IMPLICIT_RETAIN_SELF = YES;
				CLANG_WARN_OBJC_LITERAL_CONVERSION = YES;
				CLANG_WARN_OBJC_ROOT_CLASS = YES_ERROR;
				CLANG_WARN_QUOTED_INCLUDE_IN_FRAMEWORK_HEADER = YES;
				CLANG_WARN_RANGE_LOOP_ANALYSIS = YES;
				CLANG_WARN_STRICT_PROTOTYPES = YES;
				CLANG_WARN_SUSPICIOUS_MOVE = YES;
				CLANG_WARN_UNGUARDED_AVAILABILITY = YES_AGGRESSIVE;
				CLANG_WARN_UNREACHABLE_CODE = YES;
				CLANG_WARN__DUPLICATE_METHOD_MATCH = YES;
				COPY_PHASE_STRIP = NO;
				DEBUG_INFORMATION_FORMAT = "dwarf-with-dsym";
				ENABLE_NS_ASSERTIONS = NO;
				ENABLE_STRICT_OBJC_MSGSEND = YES;
				ENABLE_USER_SCRIPT_SANDBOXING = YES;
				GCC_C_LANGUAGE_STANDARD = gnu17;
				GCC_NO_COMMON_BLOCKS = YES;
				GCC_WARN_64_TO_32_BIT_CONVERSION = YES;
				GCC_WARN_ABOUT_RETURN_TYPE = YES_ERROR;
				GCC_WARN_UNDECLARED_SELECTOR = YES;
				GCC_WARN_UNINITIALIZED_AUTOS = YES_AGGRESSIVE;
				GCC_WARN_UNUSED_FUNCTION = YES;
				GCC_WARN_UNUSED_VARIABLE = YES;
				IPHONEOS_DEPLOYMENT_TARGET = 17.4;
				LOCALIZATION_PREFERS_STRING_CATALOGS = YES;
				MTL_ENABLE_DEBUG_INFO = NO;
				MTL_FAST_MATH = YES;
				SDKROOT = iphoneos;
				SWIFT_COMPILATION_MODE = wholemodule;
				VALIDATE_PRODUCT = YES;
			};
			name = Release;
		};
		FFDF33D72BF3A5FD0070688B /* Debug */ = {
			isa = XCBuildConfiguration;
			buildSettings = {
				ASSETCATALOG_COMPILER_APPICON_NAME = AppIcon;
				ASSETCATALOG_COMPILER_GLOBAL_ACCENT_COLOR_NAME = AccentColor;
				CODE_SIGN_STYLE = Automatic;
				CURRENT_PROJECT_VERSION = 1;
				DEVELOPMENT_TEAM = AF68Y4A9MG;
				GENERATE_INFOPLIST_FILE = YES;
				INFOPLIST_FILE = LockApp/App/Info.plist;
				INFOPLIST_KEY_UIApplicationSupportsIndirectInputEvents = YES;
				INFOPLIST_KEY_UILaunchStoryboardName = LaunchScreen;
				INFOPLIST_KEY_UISupportedInterfaceOrientations_iPad = "UIInterfaceOrientationPortrait UIInterfaceOrientationPortraitUpsideDown UIInterfaceOrientationLandscapeLeft UIInterfaceOrientationLandscapeRight";
				INFOPLIST_KEY_UISupportedInterfaceOrientations_iPhone = "UIInterfaceOrientationPortrait UIInterfaceOrientationLandscapeLeft UIInterfaceOrientationLandscapeRight";
				IPHONEOS_DEPLOYMENT_TARGET = 17.0;
				LD_RUNPATH_SEARCH_PATHS = (
					"$(inherited)",
					"@executable_path/Frameworks",
				);
				MARKETING_VERSION = 1.0;
				PRODUCT_BUNDLE_IDENTIFIER = anatolii.khramchenko.LockApp;
				PRODUCT_NAME = "$(TARGET_NAME)";
				SWIFT_EMIT_LOC_STRINGS = YES;
				SWIFT_VERSION = 5.0;
				TARGETED_DEVICE_FAMILY = "1,2";
			};
			name = Debug;
		};
		FFDF33D82BF3A5FD0070688B /* Release */ = {
			isa = XCBuildConfiguration;
			buildSettings = {
				ASSETCATALOG_COMPILER_APPICON_NAME = AppIcon;
				ASSETCATALOG_COMPILER_GLOBAL_ACCENT_COLOR_NAME = AccentColor;
				CODE_SIGN_STYLE = Automatic;
				CURRENT_PROJECT_VERSION = 1;
				DEVELOPMENT_TEAM = AF68Y4A9MG;
				GENERATE_INFOPLIST_FILE = YES;
				INFOPLIST_FILE = LockApp/App/Info.plist;
				INFOPLIST_KEY_UIApplicationSupportsIndirectInputEvents = YES;
				INFOPLIST_KEY_UILaunchStoryboardName = LaunchScreen;
				INFOPLIST_KEY_UISupportedInterfaceOrientations_iPad = "UIInterfaceOrientationPortrait UIInterfaceOrientationPortraitUpsideDown UIInterfaceOrientationLandscapeLeft UIInterfaceOrientationLandscapeRight";
				INFOPLIST_KEY_UISupportedInterfaceOrientations_iPhone = "UIInterfaceOrientationPortrait UIInterfaceOrientationLandscapeLeft UIInterfaceOrientationLandscapeRight";
				IPHONEOS_DEPLOYMENT_TARGET = 17.0;
				LD_RUNPATH_SEARCH_PATHS = (
					"$(inherited)",
					"@executable_path/Frameworks",
				);
				MARKETING_VERSION = 1.0;
				PRODUCT_BUNDLE_IDENTIFIER = anatolii.khramchenko.LockApp;
				PRODUCT_NAME = "$(TARGET_NAME)";
				SWIFT_EMIT_LOC_STRINGS = YES;
				SWIFT_VERSION = 5.0;
				TARGETED_DEVICE_FAMILY = "1,2";
			};
			name = Release;
		};
/* End XCBuildConfiguration section */

/* Begin XCConfigurationList section */
		FFDF33BD2BF3A5FB0070688B /* Build configuration list for PBXProject "LockApp" */ = {
			isa = XCConfigurationList;
			buildConfigurations = (
				FFDF33D42BF3A5FD0070688B /* Debug */,
				FFDF33D52BF3A5FD0070688B /* Release */,
			);
			defaultConfigurationIsVisible = 0;
			defaultConfigurationName = Release;
		};
		FFDF33D62BF3A5FD0070688B /* Build configuration list for PBXNativeTarget "LockApp" */ = {
			isa = XCConfigurationList;
			buildConfigurations = (
				FFDF33D72BF3A5FD0070688B /* Debug */,
				FFDF33D82BF3A5FD0070688B /* Release */,
			);
			defaultConfigurationIsVisible = 0;
			defaultConfigurationName = Release;
		};
/* End XCConfigurationList section */
	};
	rootObject = FFDF33BA2BF3A5FB0070688B /* Project object */;
}
